// !$*UTF8*$!
{
	archiveVersion = 1;
	classes = {
	};
	objectVersion = 51;
	objects = {

/* Begin PBXBuildFile section */
		38DFEF5EB2A6C46CD7C5F1FC /* Pods_GroupStatus.framework in Frameworks */ = {isa = PBXBuildFile; fileRef = A1040830A4021536911C12D5 /* Pods_GroupStatus.framework */; };
		542EA143E38AB2AACB31AE41 /* Pods_GroupStatus_GroupStatusUITests.framework in Frameworks */ = {isa = PBXBuildFile; fileRef = D4C9023E690042A46281D497 /* Pods_GroupStatus_GroupStatusUITests.framework */; };
		D262B646BD7D846FF60B2C09 /* Pods_GroupStatusTests.framework in Frameworks */ = {isa = PBXBuildFile; fileRef = 5E144C23366CC1DCFCFC0DF2 /* Pods_GroupStatusTests.framework */; };
		ED06F92724BE0A2D00DF2FCD /* Group.m in Sources */ = {isa = PBXBuildFile; fileRef = ED06F92624BE0A2D00DF2FCD /* Group.m */; };
		ED06F92A24BE418400DF2FCD /* Event.m in Sources */ = {isa = PBXBuildFile; fileRef = ED06F92924BE418400DF2FCD /* Event.m */; };
		ED06F92D24BE47E700DF2FCD /* Timeline.m in Sources */ = {isa = PBXBuildFile; fileRef = ED06F92C24BE47E700DF2FCD /* Timeline.m */; };
		ED06F93024BE496400DF2FCD /* Member.m in Sources */ = {isa = PBXBuildFile; fileRef = ED06F92F24BE496400DF2FCD /* Member.m */; };
		ED06F93324BE4A8E00DF2FCD /* LoginViewController.m in Sources */ = {isa = PBXBuildFile; fileRef = ED06F93224BE4A8E00DF2FCD /* LoginViewController.m */; };
		ED14013924BCB57E00138A18 /* AppDelegate.m in Sources */ = {isa = PBXBuildFile; fileRef = ED14013824BCB57E00138A18 /* AppDelegate.m */; };
		ED14013C24BCB57E00138A18 /* SceneDelegate.m in Sources */ = {isa = PBXBuildFile; fileRef = ED14013B24BCB57E00138A18 /* SceneDelegate.m */; };
		ED14013F24BCB57E00138A18 /* ViewController.m in Sources */ = {isa = PBXBuildFile; fileRef = ED14013E24BCB57E00138A18 /* ViewController.m */; };
		ED14014424BCB57F00138A18 /* Assets.xcassets in Resources */ = {isa = PBXBuildFile; fileRef = ED14014324BCB57F00138A18 /* Assets.xcassets */; };
		ED14014724BCB57F00138A18 /* LaunchScreen.storyboard in Resources */ = {isa = PBXBuildFile; fileRef = ED14014524BCB57F00138A18 /* LaunchScreen.storyboard */; };
		ED14014A24BCB57F00138A18 /* main.m in Sources */ = {isa = PBXBuildFile; fileRef = ED14014924BCB57F00138A18 /* main.m */; };
		ED14015424BCB57F00138A18 /* GroupStatusTests.m in Sources */ = {isa = PBXBuildFile; fileRef = ED14015324BCB57F00138A18 /* GroupStatusTests.m */; };
		ED14015F24BCB57F00138A18 /* GroupStatusUITests.m in Sources */ = {isa = PBXBuildFile; fileRef = ED14015E24BCB57F00138A18 /* GroupStatusUITests.m */; };
		ED2D69EC24C100CC006347E2 /* CreateGroupViewController.m in Sources */ = {isa = PBXBuildFile; fileRef = ED2D69EB24C100CC006347E2 /* CreateGroupViewController.m */; };
		ED2D69EF24C20EC3006347E2 /* JoinGroupViewController.m in Sources */ = {isa = PBXBuildFile; fileRef = ED2D69EE24C20EC3006347E2 /* JoinGroupViewController.m */; };
		ED460D3024BF55A7008FE71A /* Main.storyboard in Resources */ = {isa = PBXBuildFile; fileRef = ED460D2E24BF55A7008FE71A /* Main.storyboard */; };
		ED460D3324BF56A0008FE71A /* GroupsViewController.m in Sources */ = {isa = PBXBuildFile; fileRef = ED460D3224BF56A0008FE71A /* GroupsViewController.m */; };
		ED460D3624BF5714008FE71A /* TimelineViewController.m in Sources */ = {isa = PBXBuildFile; fileRef = ED460D3524BF5714008FE71A /* TimelineViewController.m */; };
		ED460D3924BF58F8008FE71A /* ProfileViewController.m in Sources */ = {isa = PBXBuildFile; fileRef = ED460D3824BF58F8008FE71A /* ProfileViewController.m */; };
		ED460D3C24C0DAA3008FE71A /* GroupCell.m in Sources */ = {isa = PBXBuildFile; fileRef = ED460D3B24C0DAA3008FE71A /* GroupCell.m */; };
/* End PBXBuildFile section */

/* Begin PBXContainerItemProxy section */
		ED14015024BCB57F00138A18 /* PBXContainerItemProxy */ = {
			isa = PBXContainerItemProxy;
			containerPortal = ED14012C24BCB57E00138A18 /* Project object */;
			proxyType = 1;
			remoteGlobalIDString = ED14013324BCB57E00138A18;
			remoteInfo = GroupStatus;
		};
		ED14015B24BCB57F00138A18 /* PBXContainerItemProxy */ = {
			isa = PBXContainerItemProxy;
			containerPortal = ED14012C24BCB57E00138A18 /* Project object */;
			proxyType = 1;
			remoteGlobalIDString = ED14013324BCB57E00138A18;
			remoteInfo = GroupStatus;
		};
/* End PBXContainerItemProxy section */

/* Begin PBXFileReference section */
		13CD8B87FDEE8E330209DA1D /* Pods-GroupStatus.release.xcconfig */ = {isa = PBXFileReference; includeInIndex = 1; lastKnownFileType = text.xcconfig; name = "Pods-GroupStatus.release.xcconfig"; path = "Target Support Files/Pods-GroupStatus/Pods-GroupStatus.release.xcconfig"; sourceTree = "<group>"; };
		3A2603B7F49DB2ACCE81C036 /* Pods-GroupStatusTests.debug.xcconfig */ = {isa = PBXFileReference; includeInIndex = 1; lastKnownFileType = text.xcconfig; name = "Pods-GroupStatusTests.debug.xcconfig"; path = "Target Support Files/Pods-GroupStatusTests/Pods-GroupStatusTests.debug.xcconfig"; sourceTree = "<group>"; };
		5E144C23366CC1DCFCFC0DF2 /* Pods_GroupStatusTests.framework */ = {isa = PBXFileReference; explicitFileType = wrapper.framework; includeInIndex = 0; path = Pods_GroupStatusTests.framework; sourceTree = BUILT_PRODUCTS_DIR; };
		95135851CC5E5E359B3EEDD4 /* Pods-GroupStatus-GroupStatusUITests.debug.xcconfig */ = {isa = PBXFileReference; includeInIndex = 1; lastKnownFileType = text.xcconfig; name = "Pods-GroupStatus-GroupStatusUITests.debug.xcconfig"; path = "Target Support Files/Pods-GroupStatus-GroupStatusUITests/Pods-GroupStatus-GroupStatusUITests.debug.xcconfig"; sourceTree = "<group>"; };
		A1040830A4021536911C12D5 /* Pods_GroupStatus.framework */ = {isa = PBXFileReference; explicitFileType = wrapper.framework; includeInIndex = 0; path = Pods_GroupStatus.framework; sourceTree = BUILT_PRODUCTS_DIR; };
		B515738611434EF4C0867337 /* Pods-GroupStatusTests.release.xcconfig */ = {isa = PBXFileReference; includeInIndex = 1; lastKnownFileType = text.xcconfig; name = "Pods-GroupStatusTests.release.xcconfig"; path = "Target Support Files/Pods-GroupStatusTests/Pods-GroupStatusTests.release.xcconfig"; sourceTree = "<group>"; };
		BD5F04267485B773D7A8AF6A /* Pods-GroupStatus.debug.xcconfig */ = {isa = PBXFileReference; includeInIndex = 1; lastKnownFileType = text.xcconfig; name = "Pods-GroupStatus.debug.xcconfig"; path = "Target Support Files/Pods-GroupStatus/Pods-GroupStatus.debug.xcconfig"; sourceTree = "<group>"; };
		D4C9023E690042A46281D497 /* Pods_GroupStatus_GroupStatusUITests.framework */ = {isa = PBXFileReference; explicitFileType = wrapper.framework; includeInIndex = 0; path = Pods_GroupStatus_GroupStatusUITests.framework; sourceTree = BUILT_PRODUCTS_DIR; };
		ED06F92524BE0A2D00DF2FCD /* Group.h */ = {isa = PBXFileReference; lastKnownFileType = sourcecode.c.h; path = Group.h; sourceTree = "<group>"; };
		ED06F92624BE0A2D00DF2FCD /* Group.m */ = {isa = PBXFileReference; lastKnownFileType = sourcecode.c.objc; path = Group.m; sourceTree = "<group>"; };
		ED06F92824BE418400DF2FCD /* Event.h */ = {isa = PBXFileReference; lastKnownFileType = sourcecode.c.h; path = Event.h; sourceTree = "<group>"; };
		ED06F92924BE418400DF2FCD /* Event.m */ = {isa = PBXFileReference; lastKnownFileType = sourcecode.c.objc; path = Event.m; sourceTree = "<group>"; };
		ED06F92B24BE47E700DF2FCD /* Timeline.h */ = {isa = PBXFileReference; lastKnownFileType = sourcecode.c.h; path = Timeline.h; sourceTree = "<group>"; };
		ED06F92C24BE47E700DF2FCD /* Timeline.m */ = {isa = PBXFileReference; lastKnownFileType = sourcecode.c.objc; path = Timeline.m; sourceTree = "<group>"; };
		ED06F92E24BE496400DF2FCD /* Member.h */ = {isa = PBXFileReference; lastKnownFileType = sourcecode.c.h; path = Member.h; sourceTree = "<group>"; };
		ED06F92F24BE496400DF2FCD /* Member.m */ = {isa = PBXFileReference; lastKnownFileType = sourcecode.c.objc; path = Member.m; sourceTree = "<group>"; };
		ED06F93124BE4A8E00DF2FCD /* LoginViewController.h */ = {isa = PBXFileReference; lastKnownFileType = sourcecode.c.h; name = LoginViewController.h; path = GroupStatus/LoginViewController.h; sourceTree = SOURCE_ROOT; };
		ED06F93224BE4A8E00DF2FCD /* LoginViewController.m */ = {isa = PBXFileReference; lastKnownFileType = sourcecode.c.objc; name = LoginViewController.m; path = GroupStatus/LoginViewController.m; sourceTree = SOURCE_ROOT; wrapsLines = 0; };
		ED14013424BCB57E00138A18 /* GroupStatus.app */ = {isa = PBXFileReference; explicitFileType = wrapper.application; includeInIndex = 0; path = GroupStatus.app; sourceTree = BUILT_PRODUCTS_DIR; };
		ED14013724BCB57E00138A18 /* AppDelegate.h */ = {isa = PBXFileReference; lastKnownFileType = sourcecode.c.h; path = AppDelegate.h; sourceTree = "<group>"; };
		ED14013824BCB57E00138A18 /* AppDelegate.m */ = {isa = PBXFileReference; lastKnownFileType = sourcecode.c.objc; path = AppDelegate.m; sourceTree = "<group>"; };
		ED14013A24BCB57E00138A18 /* SceneDelegate.h */ = {isa = PBXFileReference; lastKnownFileType = sourcecode.c.h; path = SceneDelegate.h; sourceTree = "<group>"; };
		ED14013B24BCB57E00138A18 /* SceneDelegate.m */ = {isa = PBXFileReference; lastKnownFileType = sourcecode.c.objc; path = SceneDelegate.m; sourceTree = "<group>"; };
		ED14013D24BCB57E00138A18 /* ViewController.h */ = {isa = PBXFileReference; lastKnownFileType = sourcecode.c.h; path = ViewController.h; sourceTree = "<group>"; };
		ED14013E24BCB57E00138A18 /* ViewController.m */ = {isa = PBXFileReference; lastKnownFileType = sourcecode.c.objc; path = ViewController.m; sourceTree = "<group>"; };
		ED14014324BCB57F00138A18 /* Assets.xcassets */ = {isa = PBXFileReference; lastKnownFileType = folder.assetcatalog; path = Assets.xcassets; sourceTree = "<group>"; };
		ED14014624BCB57F00138A18 /* Base */ = {isa = PBXFileReference; lastKnownFileType = file.storyboard; name = Base; path = Base.lproj/LaunchScreen.storyboard; sourceTree = "<group>"; };
		ED14014824BCB57F00138A18 /* Info.plist */ = {isa = PBXFileReference; lastKnownFileType = text.plist.xml; path = Info.plist; sourceTree = "<group>"; };
		ED14014924BCB57F00138A18 /* main.m */ = {isa = PBXFileReference; lastKnownFileType = sourcecode.c.objc; path = main.m; sourceTree = "<group>"; };
		ED14014F24BCB57F00138A18 /* GroupStatusTests.xctest */ = {isa = PBXFileReference; explicitFileType = wrapper.cfbundle; includeInIndex = 0; path = GroupStatusTests.xctest; sourceTree = BUILT_PRODUCTS_DIR; };
		ED14015324BCB57F00138A18 /* GroupStatusTests.m */ = {isa = PBXFileReference; lastKnownFileType = sourcecode.c.objc; path = GroupStatusTests.m; sourceTree = "<group>"; };
		ED14015524BCB57F00138A18 /* Info.plist */ = {isa = PBXFileReference; lastKnownFileType = text.plist.xml; path = Info.plist; sourceTree = "<group>"; };
		ED14015A24BCB57F00138A18 /* GroupStatusUITests.xctest */ = {isa = PBXFileReference; explicitFileType = wrapper.cfbundle; includeInIndex = 0; path = GroupStatusUITests.xctest; sourceTree = BUILT_PRODUCTS_DIR; };
		ED14015E24BCB57F00138A18 /* GroupStatusUITests.m */ = {isa = PBXFileReference; lastKnownFileType = sourcecode.c.objc; path = GroupStatusUITests.m; sourceTree = "<group>"; };
		ED14016024BCB57F00138A18 /* Info.plist */ = {isa = PBXFileReference; lastKnownFileType = text.plist.xml; path = Info.plist; sourceTree = "<group>"; };
		ED2D69EA24C100CC006347E2 /* CreateGroupViewController.h */ = {isa = PBXFileReference; lastKnownFileType = sourcecode.c.h; path = CreateGroupViewController.h; sourceTree = "<group>"; };
		ED2D69EB24C100CC006347E2 /* CreateGroupViewController.m */ = {isa = PBXFileReference; lastKnownFileType = sourcecode.c.objc; path = CreateGroupViewController.m; sourceTree = "<group>"; };
		ED2D69ED24C20EC3006347E2 /* JoinGroupViewController.h */ = {isa = PBXFileReference; lastKnownFileType = sourcecode.c.h; name = JoinGroupViewController.h; path = GroupStatus/JoinGroupViewController.h; sourceTree = SOURCE_ROOT; };
		ED2D69EE24C20EC3006347E2 /* JoinGroupViewController.m */ = {isa = PBXFileReference; lastKnownFileType = sourcecode.c.objc; name = JoinGroupViewController.m; path = GroupStatus/JoinGroupViewController.m; sourceTree = SOURCE_ROOT; };
		ED460D2F24BF55A7008FE71A /* Base */ = {isa = PBXFileReference; lastKnownFileType = file.storyboard; name = Base; path = Base.lproj/Main.storyboard; sourceTree = "<group>"; };
		ED460D3124BF56A0008FE71A /* GroupsViewController.h */ = {isa = PBXFileReference; lastKnownFileType = sourcecode.c.h; name = GroupsViewController.h; path = GroupStatus/GroupsViewController.h; sourceTree = SOURCE_ROOT; };
		ED460D3224BF56A0008FE71A /* GroupsViewController.m */ = {isa = PBXFileReference; lastKnownFileType = sourcecode.c.objc; name = GroupsViewController.m; path = GroupStatus/GroupsViewController.m; sourceTree = SOURCE_ROOT; };
		ED460D3424BF5714008FE71A /* TimelineViewController.h */ = {isa = PBXFileReference; lastKnownFileType = sourcecode.c.h; name = TimelineViewController.h; path = GroupStatus/TimelineViewController.h; sourceTree = SOURCE_ROOT; };
		ED460D3524BF5714008FE71A /* TimelineViewController.m */ = {isa = PBXFileReference; lastKnownFileType = sourcecode.c.objc; name = TimelineViewController.m; path = GroupStatus/TimelineViewController.m; sourceTree = SOURCE_ROOT; };
		ED460D3724BF58F8008FE71A /* ProfileViewController.h */ = {isa = PBXFileReference; lastKnownFileType = sourcecode.c.h; name = ProfileViewController.h; path = GroupStatus/ProfileViewController.h; sourceTree = SOURCE_ROOT; };
		ED460D3824BF58F8008FE71A /* ProfileViewController.m */ = {isa = PBXFileReference; lastKnownFileType = sourcecode.c.objc; name = ProfileViewController.m; path = GroupStatus/ProfileViewController.m; sourceTree = SOURCE_ROOT; };
		ED460D3A24C0DAA3008FE71A /* GroupCell.h */ = {isa = PBXFileReference; lastKnownFileType = sourcecode.c.h; name = GroupCell.h; path = GroupStatus/GroupCell.h; sourceTree = SOURCE_ROOT; };
		ED460D3B24C0DAA3008FE71A /* GroupCell.m */ = {isa = PBXFileReference; lastKnownFileType = sourcecode.c.objc; name = GroupCell.m; path = GroupStatus/GroupCell.m; sourceTree = SOURCE_ROOT; };
		F28444D7B0C794DC539CA097 /* Pods-GroupStatus-GroupStatusUITests.release.xcconfig */ = {isa = PBXFileReference; includeInIndex = 1; lastKnownFileType = text.xcconfig; name = "Pods-GroupStatus-GroupStatusUITests.release.xcconfig"; path = "Target Support Files/Pods-GroupStatus-GroupStatusUITests/Pods-GroupStatus-GroupStatusUITests.release.xcconfig"; sourceTree = "<group>"; };
/* End PBXFileReference section */

/* Begin PBXFrameworksBuildPhase section */
		ED14013124BCB57E00138A18 /* Frameworks */ = {
			isa = PBXFrameworksBuildPhase;
			buildActionMask = 2147483647;
			files = (
				38DFEF5EB2A6C46CD7C5F1FC /* Pods_GroupStatus.framework in Frameworks */,
			);
			runOnlyForDeploymentPostprocessing = 0;
		};
		ED14014C24BCB57F00138A18 /* Frameworks */ = {
			isa = PBXFrameworksBuildPhase;
			buildActionMask = 2147483647;
			files = (
				D262B646BD7D846FF60B2C09 /* Pods_GroupStatusTests.framework in Frameworks */,
			);
			runOnlyForDeploymentPostprocessing = 0;
		};
		ED14015724BCB57F00138A18 /* Frameworks */ = {
			isa = PBXFrameworksBuildPhase;
			buildActionMask = 2147483647;
			files = (
				542EA143E38AB2AACB31AE41 /* Pods_GroupStatus_GroupStatusUITests.framework in Frameworks */,
			);
			runOnlyForDeploymentPostprocessing = 0;
		};
/* End PBXFrameworksBuildPhase section */

/* Begin PBXGroup section */
		0663D5FFC550E67EF7D6A05F /* Pods */ = {
			isa = PBXGroup;
			children = (
				BD5F04267485B773D7A8AF6A /* Pods-GroupStatus.debug.xcconfig */,
				13CD8B87FDEE8E330209DA1D /* Pods-GroupStatus.release.xcconfig */,
				95135851CC5E5E359B3EEDD4 /* Pods-GroupStatus-GroupStatusUITests.debug.xcconfig */,
				F28444D7B0C794DC539CA097 /* Pods-GroupStatus-GroupStatusUITests.release.xcconfig */,
				3A2603B7F49DB2ACCE81C036 /* Pods-GroupStatusTests.debug.xcconfig */,
				B515738611434EF4C0867337 /* Pods-GroupStatusTests.release.xcconfig */,
			);
			path = Pods;
			sourceTree = "<group>";
		};
		93D1AD1EDD9570C6CF2820A0 /* Frameworks */ = {
			isa = PBXGroup;
			children = (
				A1040830A4021536911C12D5 /* Pods_GroupStatus.framework */,
				D4C9023E690042A46281D497 /* Pods_GroupStatus_GroupStatusUITests.framework */,
				5E144C23366CC1DCFCFC0DF2 /* Pods_GroupStatusTests.framework */,
			);
			name = Frameworks;
			sourceTree = "<group>";
		};
		ED06F92224BCBF0600DF2FCD /* View Controller */ = {
			isa = PBXGroup;
			children = (
				ED2D69ED24C20EC3006347E2 /* JoinGroupViewController.h */,
				ED2D69EE24C20EC3006347E2 /* JoinGroupViewController.m */,
				ED460D3724BF58F8008FE71A /* ProfileViewController.h */,
				ED460D3824BF58F8008FE71A /* ProfileViewController.m */,
				ED460D3424BF5714008FE71A /* TimelineViewController.h */,
				ED460D3524BF5714008FE71A /* TimelineViewController.m */,
				ED460D3124BF56A0008FE71A /* GroupsViewController.h */,
				ED460D3224BF56A0008FE71A /* GroupsViewController.m */,
				ED06F93124BE4A8E00DF2FCD /* LoginViewController.h */,
				ED06F93224BE4A8E00DF2FCD /* LoginViewController.m */,
				ED2D69EA24C100CC006347E2 /* CreateGroupViewController.h */,
				ED2D69EB24C100CC006347E2 /* CreateGroupViewController.m */,
			);
			path = "View Controller";
			sourceTree = "<group>";
		};
		ED06F92324BCBF1D00DF2FCD /* Models */ = {
			isa = PBXGroup;
			children = (
				ED06F92524BE0A2D00DF2FCD /* Group.h */,
				ED06F92624BE0A2D00DF2FCD /* Group.m */,
				ED06F92824BE418400DF2FCD /* Event.h */,
				ED06F92924BE418400DF2FCD /* Event.m */,
				ED06F92B24BE47E700DF2FCD /* Timeline.h */,
				ED06F92C24BE47E700DF2FCD /* Timeline.m */,
				ED06F92E24BE496400DF2FCD /* Member.h */,
				ED06F92F24BE496400DF2FCD /* Member.m */,
			);
			path = Models;
			sourceTree = "<group>";
		};
		ED06F92424BD09E200DF2FCD /* Views */ = {
			isa = PBXGroup;
			children = (
				ED460D3A24C0DAA3008FE71A /* GroupCell.h */,
				ED460D3B24C0DAA3008FE71A /* GroupCell.m */,
			);
			path = Views;
			sourceTree = "<group>";
		};
		ED14012B24BCB57E00138A18 = {
			isa = PBXGroup;
			children = (
				ED14013624BCB57E00138A18 /* GroupStatus */,
				ED14015224BCB57F00138A18 /* GroupStatusTests */,
				ED14015D24BCB57F00138A18 /* GroupStatusUITests */,
				ED14013524BCB57E00138A18 /* Products */,
				0663D5FFC550E67EF7D6A05F /* Pods */,
				93D1AD1EDD9570C6CF2820A0 /* Frameworks */,
			);
			sourceTree = "<group>";
		};
		ED14013524BCB57E00138A18 /* Products */ = {
			isa = PBXGroup;
			children = (
				ED14013424BCB57E00138A18 /* GroupStatus.app */,
				ED14014F24BCB57F00138A18 /* GroupStatusTests.xctest */,
				ED14015A24BCB57F00138A18 /* GroupStatusUITests.xctest */,
			);
			name = Products;
			sourceTree = "<group>";
		};
		ED14013624BCB57E00138A18 /* GroupStatus */ = {
			isa = PBXGroup;
			children = (
				ED06F92424BD09E200DF2FCD /* Views */,
				ED06F92324BCBF1D00DF2FCD /* Models */,
				ED06F92224BCBF0600DF2FCD /* View Controller */,
				ED14013724BCB57E00138A18 /* AppDelegate.h */,
				ED14013824BCB57E00138A18 /* AppDelegate.m */,
				ED14013A24BCB57E00138A18 /* SceneDelegate.h */,
				ED14013B24BCB57E00138A18 /* SceneDelegate.m */,
				ED14013D24BCB57E00138A18 /* ViewController.h */,
				ED14013E24BCB57E00138A18 /* ViewController.m */,
				ED460D2E24BF55A7008FE71A /* Main.storyboard */,
				ED14014324BCB57F00138A18 /* Assets.xcassets */,
				ED14014524BCB57F00138A18 /* LaunchScreen.storyboard */,
				ED14014824BCB57F00138A18 /* Info.plist */,
				ED14014924BCB57F00138A18 /* main.m */,
			);
			path = GroupStatus;
			sourceTree = "<group>";
		};
		ED14015224BCB57F00138A18 /* GroupStatusTests */ = {
			isa = PBXGroup;
			children = (
				ED14015324BCB57F00138A18 /* GroupStatusTests.m */,
				ED14015524BCB57F00138A18 /* Info.plist */,
			);
			path = GroupStatusTests;
			sourceTree = "<group>";
		};
		ED14015D24BCB57F00138A18 /* GroupStatusUITests */ = {
			isa = PBXGroup;
			children = (
				ED14015E24BCB57F00138A18 /* GroupStatusUITests.m */,
				ED14016024BCB57F00138A18 /* Info.plist */,
			);
			path = GroupStatusUITests;
			sourceTree = "<group>";
		};
/* End PBXGroup section */

/* Begin PBXNativeTarget section */
		ED14013324BCB57E00138A18 /* GroupStatus */ = {
			isa = PBXNativeTarget;
			buildConfigurationList = ED14016324BCB57F00138A18 /* Build configuration list for PBXNativeTarget "GroupStatus" */;
			buildPhases = (
				761E8E763282D376D131DC7F /* [CP] Check Pods Manifest.lock */,
				ED14013024BCB57E00138A18 /* Sources */,
				ED14013124BCB57E00138A18 /* Frameworks */,
				ED14013224BCB57E00138A18 /* Resources */,
				B0C3F5D620097B35C804835E /* [CP] Embed Pods Frameworks */,
			);
			buildRules = (
			);
			dependencies = (
			);
			name = GroupStatus;
			productName = GroupStatus;
			productReference = ED14013424BCB57E00138A18 /* GroupStatus.app */;
			productType = "com.apple.product-type.application";
		};
		ED14014E24BCB57F00138A18 /* GroupStatusTests */ = {
			isa = PBXNativeTarget;
			buildConfigurationList = ED14016624BCB57F00138A18 /* Build configuration list for PBXNativeTarget "GroupStatusTests" */;
			buildPhases = (
				10705FE3B36260712CB4486C /* [CP] Check Pods Manifest.lock */,
				ED14014B24BCB57F00138A18 /* Sources */,
				ED14014C24BCB57F00138A18 /* Frameworks */,
				ED14014D24BCB57F00138A18 /* Resources */,
			);
			buildRules = (
			);
			dependencies = (
				ED14015124BCB57F00138A18 /* PBXTargetDependency */,
			);
			name = GroupStatusTests;
			productName = GroupStatusTests;
			productReference = ED14014F24BCB57F00138A18 /* GroupStatusTests.xctest */;
			productType = "com.apple.product-type.bundle.unit-test";
		};
		ED14015924BCB57F00138A18 /* GroupStatusUITests */ = {
			isa = PBXNativeTarget;
			buildConfigurationList = ED14016924BCB57F00138A18 /* Build configuration list for PBXNativeTarget "GroupStatusUITests" */;
			buildPhases = (
				75CD6684FB0C07EDAA032437 /* [CP] Check Pods Manifest.lock */,
				ED14015624BCB57F00138A18 /* Sources */,
				ED14015724BCB57F00138A18 /* Frameworks */,
				ED14015824BCB57F00138A18 /* Resources */,
				A1CB268A7C8D27D4226C97A4 /* [CP] Embed Pods Frameworks */,
			);
			buildRules = (
			);
			dependencies = (
				ED14015C24BCB57F00138A18 /* PBXTargetDependency */,
			);
			name = GroupStatusUITests;
			productName = GroupStatusUITests;
			productReference = ED14015A24BCB57F00138A18 /* GroupStatusUITests.xctest */;
			productType = "com.apple.product-type.bundle.ui-testing";
		};
/* End PBXNativeTarget section */

/* Begin PBXProject section */
		ED14012C24BCB57E00138A18 /* Project object */ = {
			isa = PBXProject;
			attributes = {
				LastUpgradeCheck = 1150;
				ORGANIZATIONNAME = "Fernando Arturo Perez";
				TargetAttributes = {
					ED14013324BCB57E00138A18 = {
						CreatedOnToolsVersion = 11.5;
					};
					ED14014E24BCB57F00138A18 = {
						CreatedOnToolsVersion = 11.5;
						TestTargetID = ED14013324BCB57E00138A18;
					};
					ED14015924BCB57F00138A18 = {
						CreatedOnToolsVersion = 11.5;
						TestTargetID = ED14013324BCB57E00138A18;
					};
				};
			};
			buildConfigurationList = ED14012F24BCB57E00138A18 /* Build configuration list for PBXProject "GroupStatus" */;
			compatibilityVersion = "Xcode 9.3";
			developmentRegion = en;
			hasScannedForEncodings = 0;
			knownRegions = (
				en,
				Base,
			);
			mainGroup = ED14012B24BCB57E00138A18;
			productRefGroup = ED14013524BCB57E00138A18 /* Products */;
			projectDirPath = "";
			projectRoot = "";
			targets = (
				ED14013324BCB57E00138A18 /* GroupStatus */,
				ED14014E24BCB57F00138A18 /* GroupStatusTests */,
				ED14015924BCB57F00138A18 /* GroupStatusUITests */,
			);
		};
/* End PBXProject section */

/* Begin PBXResourcesBuildPhase section */
		ED14013224BCB57E00138A18 /* Resources */ = {
			isa = PBXResourcesBuildPhase;
			buildActionMask = 2147483647;
			files = (
				ED460D3024BF55A7008FE71A /* Main.storyboard in Resources */,
				ED14014724BCB57F00138A18 /* LaunchScreen.storyboard in Resources */,
				ED14014424BCB57F00138A18 /* Assets.xcassets in Resources */,
			);
			runOnlyForDeploymentPostprocessing = 0;
		};
		ED14014D24BCB57F00138A18 /* Resources */ = {
			isa = PBXResourcesBuildPhase;
			buildActionMask = 2147483647;
			files = (
			);
			runOnlyForDeploymentPostprocessing = 0;
		};
		ED14015824BCB57F00138A18 /* Resources */ = {
			isa = PBXResourcesBuildPhase;
			buildActionMask = 2147483647;
			files = (
			);
			runOnlyForDeploymentPostprocessing = 0;
		};
/* End PBXResourcesBuildPhase section */

/* Begin PBXShellScriptBuildPhase section */
		10705FE3B36260712CB4486C /* [CP] Check Pods Manifest.lock */ = {
			isa = PBXShellScriptBuildPhase;
			buildActionMask = 2147483647;
			files = (
			);
			inputFileListPaths = (
			);
			inputPaths = (
				"${PODS_PODFILE_DIR_PATH}/Podfile.lock",
				"${PODS_ROOT}/Manifest.lock",
			);
			name = "[CP] Check Pods Manifest.lock";
			outputFileListPaths = (
			);
			outputPaths = (
				"$(DERIVED_FILE_DIR)/Pods-GroupStatusTests-checkManifestLockResult.txt",
			);
			runOnlyForDeploymentPostprocessing = 0;
			shellPath = /bin/sh;
			shellScript = "diff \"${PODS_PODFILE_DIR_PATH}/Podfile.lock\" \"${PODS_ROOT}/Manifest.lock\" > /dev/null\nif [ $? != 0 ] ; then\n    # print error to STDERR\n    echo \"error: The sandbox is not in sync with the Podfile.lock. Run 'pod install' or update your CocoaPods installation.\" >&2\n    exit 1\nfi\n# This output is used by Xcode 'outputs' to avoid re-running this script phase.\necho \"SUCCESS\" > \"${SCRIPT_OUTPUT_FILE_0}\"\n";
			showEnvVarsInLog = 0;
		};
		75CD6684FB0C07EDAA032437 /* [CP] Check Pods Manifest.lock */ = {
			isa = PBXShellScriptBuildPhase;
			buildActionMask = 2147483647;
			files = (
			);
			inputFileListPaths = (
			);
			inputPaths = (
				"${PODS_PODFILE_DIR_PATH}/Podfile.lock",
				"${PODS_ROOT}/Manifest.lock",
			);
			name = "[CP] Check Pods Manifest.lock";
			outputFileListPaths = (
			);
			outputPaths = (
				"$(DERIVED_FILE_DIR)/Pods-GroupStatus-GroupStatusUITests-checkManifestLockResult.txt",
			);
			runOnlyForDeploymentPostprocessing = 0;
			shellPath = /bin/sh;
			shellScript = "diff \"${PODS_PODFILE_DIR_PATH}/Podfile.lock\" \"${PODS_ROOT}/Manifest.lock\" > /dev/null\nif [ $? != 0 ] ; then\n    # print error to STDERR\n    echo \"error: The sandbox is not in sync with the Podfile.lock. Run 'pod install' or update your CocoaPods installation.\" >&2\n    exit 1\nfi\n# This output is used by Xcode 'outputs' to avoid re-running this script phase.\necho \"SUCCESS\" > \"${SCRIPT_OUTPUT_FILE_0}\"\n";
			showEnvVarsInLog = 0;
		};
		761E8E763282D376D131DC7F /* [CP] Check Pods Manifest.lock */ = {
			isa = PBXShellScriptBuildPhase;
			buildActionMask = 2147483647;
			files = (
			);
			inputFileListPaths = (
			);
			inputPaths = (
				"${PODS_PODFILE_DIR_PATH}/Podfile.lock",
				"${PODS_ROOT}/Manifest.lock",
			);
			name = "[CP] Check Pods Manifest.lock";
			outputFileListPaths = (
			);
			outputPaths = (
				"$(DERIVED_FILE_DIR)/Pods-GroupStatus-checkManifestLockResult.txt",
			);
			runOnlyForDeploymentPostprocessing = 0;
			shellPath = /bin/sh;
			shellScript = "diff \"${PODS_PODFILE_DIR_PATH}/Podfile.lock\" \"${PODS_ROOT}/Manifest.lock\" > /dev/null\nif [ $? != 0 ] ; then\n    # print error to STDERR\n    echo \"error: The sandbox is not in sync with the Podfile.lock. Run 'pod install' or update your CocoaPods installation.\" >&2\n    exit 1\nfi\n# This output is used by Xcode 'outputs' to avoid re-running this script phase.\necho \"SUCCESS\" > \"${SCRIPT_OUTPUT_FILE_0}\"\n";
			showEnvVarsInLog = 0;
		};
		A1CB268A7C8D27D4226C97A4 /* [CP] Embed Pods Frameworks */ = {
			isa = PBXShellScriptBuildPhase;
			buildActionMask = 2147483647;
			files = (
			);
			inputFileListPaths = (
				"${PODS_ROOT}/Target Support Files/Pods-GroupStatus-GroupStatusUITests/Pods-GroupStatus-GroupStatusUITests-frameworks-${CONFIGURATION}-input-files.xcfilelist",
			);
			name = "[CP] Embed Pods Frameworks";
			outputFileListPaths = (
				"${PODS_ROOT}/Target Support Files/Pods-GroupStatus-GroupStatusUITests/Pods-GroupStatus-GroupStatusUITests-frameworks-${CONFIGURATION}-output-files.xcfilelist",
			);
			runOnlyForDeploymentPostprocessing = 0;
			shellPath = /bin/sh;
			shellScript = "\"${PODS_ROOT}/Target Support Files/Pods-GroupStatus-GroupStatusUITests/Pods-GroupStatus-GroupStatusUITests-frameworks.sh\"\n";
			showEnvVarsInLog = 0;
		};
		B0C3F5D620097B35C804835E /* [CP] Embed Pods Frameworks */ = {
			isa = PBXShellScriptBuildPhase;
			buildActionMask = 2147483647;
			files = (
			);
			inputFileListPaths = (
				"${PODS_ROOT}/Target Support Files/Pods-GroupStatus/Pods-GroupStatus-frameworks-${CONFIGURATION}-input-files.xcfilelist",
			);
			name = "[CP] Embed Pods Frameworks";
			outputFileListPaths = (
				"${PODS_ROOT}/Target Support Files/Pods-GroupStatus/Pods-GroupStatus-frameworks-${CONFIGURATION}-output-files.xcfilelist",
			);
			runOnlyForDeploymentPostprocessing = 0;
			shellPath = /bin/sh;
			shellScript = "\"${PODS_ROOT}/Target Support Files/Pods-GroupStatus/Pods-GroupStatus-frameworks.sh\"\n";
			showEnvVarsInLog = 0;
		};
/* End PBXShellScriptBuildPhase section */

/* Begin PBXSourcesBuildPhase section */
		ED14013024BCB57E00138A18 /* Sources */ = {
			isa = PBXSourcesBuildPhase;
			buildActionMask = 2147483647;
			files = (
				ED06F92A24BE418400DF2FCD /* Event.m in Sources */,
				ED14013F24BCB57E00138A18 /* ViewController.m in Sources */,
				ED14013924BCB57E00138A18 /* AppDelegate.m in Sources */,
				ED06F93024BE496400DF2FCD /* Member.m in Sources */,
				ED06F92D24BE47E700DF2FCD /* Timeline.m in Sources */,
				ED06F93324BE4A8E00DF2FCD /* LoginViewController.m in Sources */,
				ED460D3324BF56A0008FE71A /* GroupsViewController.m in Sources */,
				ED06F92724BE0A2D00DF2FCD /* Group.m in Sources */,
				ED2D69EC24C100CC006347E2 /* CreateGroupViewController.m in Sources */,
				ED2D69EF24C20EC3006347E2 /* JoinGroupViewController.m in Sources */,
				ED14014A24BCB57F00138A18 /* main.m in Sources */,
				ED14013C24BCB57E00138A18 /* SceneDelegate.m in Sources */,
				ED460D3C24C0DAA3008FE71A /* GroupCell.m in Sources */,
				ED460D3924BF58F8008FE71A /* ProfileViewController.m in Sources */,
				ED460D3624BF5714008FE71A /* TimelineViewController.m in Sources */,
			);
			runOnlyForDeploymentPostprocessing = 0;
		};
		ED14014B24BCB57F00138A18 /* Sources */ = {
			isa = PBXSourcesBuildPhase;
			buildActionMask = 2147483647;
			files = (
				ED14015424BCB57F00138A18 /* GroupStatusTests.m in Sources */,
			);
			runOnlyForDeploymentPostprocessing = 0;
		};
		ED14015624BCB57F00138A18 /* Sources */ = {
			isa = PBXSourcesBuildPhase;
			buildActionMask = 2147483647;
			files = (
				ED14015F24BCB57F00138A18 /* GroupStatusUITests.m in Sources */,
			);
			runOnlyForDeploymentPostprocessing = 0;
		};
/* End PBXSourcesBuildPhase section */

/* Begin PBXTargetDependency section */
		ED14015124BCB57F00138A18 /* PBXTargetDependency */ = {
			isa = PBXTargetDependency;
			target = ED14013324BCB57E00138A18 /* GroupStatus */;
			targetProxy = ED14015024BCB57F00138A18 /* PBXContainerItemProxy */;
		};
		ED14015C24BCB57F00138A18 /* PBXTargetDependency */ = {
			isa = PBXTargetDependency;
			target = ED14013324BCB57E00138A18 /* GroupStatus */;
			targetProxy = ED14015B24BCB57F00138A18 /* PBXContainerItemProxy */;
		};
/* End PBXTargetDependency section */

/* Begin PBXVariantGroup section */
		ED14014524BCB57F00138A18 /* LaunchScreen.storyboard */ = {
			isa = PBXVariantGroup;
			children = (
				ED14014624BCB57F00138A18 /* Base */,
			);
			name = LaunchScreen.storyboard;
			sourceTree = "<group>";
		};
		ED460D2E24BF55A7008FE71A /* Main.storyboard */ = {
			isa = PBXVariantGroup;
			children = (
				ED460D2F24BF55A7008FE71A /* Base */,
			);
			name = Main.storyboard;
			sourceTree = "<group>";
		};
/* End PBXVariantGroup section */

/* Begin XCBuildConfiguration section */
		ED14016124BCB57F00138A18 /* Debug */ = {
			isa = XCBuildConfiguration;
			buildSettings = {
				ALWAYS_SEARCH_USER_PATHS = NO;
				CLANG_ANALYZER_NONNULL = YES;
				CLANG_ANALYZER_NUMBER_OBJECT_CONVERSION = YES_AGGRESSIVE;
				CLANG_CXX_LANGUAGE_STANDARD = "gnu++14";
				CLANG_CXX_LIBRARY = "libc++";
				CLANG_ENABLE_MODULES = YES;
				CLANG_ENABLE_OBJC_ARC = YES;
				CLANG_ENABLE_OBJC_WEAK = YES;
				CLANG_WARN_BLOCK_CAPTURE_AUTORELEASING = YES;
				CLANG_WARN_BOOL_CONVERSION = YES;
				CLANG_WARN_COMMA = YES;
				CLANG_WARN_CONSTANT_CONVERSION = YES;
				CLANG_WARN_DEPRECATED_OBJC_IMPLEMENTATIONS = YES;
				CLANG_WARN_DIRECT_OBJC_ISA_USAGE = YES_ERROR;
				CLANG_WARN_DOCUMENTATION_COMMENTS = YES;
				CLANG_WARN_EMPTY_BODY = YES;
				CLANG_WARN_ENUM_CONVERSION = YES;
				CLANG_WARN_INFINITE_RECURSION = YES;
				CLANG_WARN_INT_CONVERSION = YES;
				CLANG_WARN_NON_LITERAL_NULL_CONVERSION = YES;
				CLANG_WARN_OBJC_IMPLICIT_RETAIN_SELF = YES;
				CLANG_WARN_OBJC_LITERAL_CONVERSION = YES;
				CLANG_WARN_OBJC_ROOT_CLASS = YES_ERROR;
				CLANG_WARN_RANGE_LOOP_ANALYSIS = YES;
				CLANG_WARN_STRICT_PROTOTYPES = YES;
				CLANG_WARN_SUSPICIOUS_MOVE = YES;
				CLANG_WARN_UNGUARDED_AVAILABILITY = YES_AGGRESSIVE;
				CLANG_WARN_UNREACHABLE_CODE = YES;
				CLANG_WARN__DUPLICATE_METHOD_MATCH = YES;
				COPY_PHASE_STRIP = NO;
				DEBUG_INFORMATION_FORMAT = dwarf;
				ENABLE_STRICT_OBJC_MSGSEND = YES;
				ENABLE_TESTABILITY = YES;
				GCC_C_LANGUAGE_STANDARD = gnu11;
				GCC_DYNAMIC_NO_PIC = NO;
				GCC_NO_COMMON_BLOCKS = YES;
				GCC_OPTIMIZATION_LEVEL = 0;
				GCC_PREPROCESSOR_DEFINITIONS = (
					"DEBUG=1",
					"$(inherited)",
				);
				GCC_WARN_64_TO_32_BIT_CONVERSION = YES;
				GCC_WARN_ABOUT_RETURN_TYPE = YES_ERROR;
				GCC_WARN_UNDECLARED_SELECTOR = YES;
				GCC_WARN_UNINITIALIZED_AUTOS = YES_AGGRESSIVE;
				GCC_WARN_UNUSED_FUNCTION = YES;
				GCC_WARN_UNUSED_VARIABLE = YES;
				IPHONEOS_DEPLOYMENT_TARGET = 13.5;
				MTL_ENABLE_DEBUG_INFO = INCLUDE_SOURCE;
				MTL_FAST_MATH = YES;
				ONLY_ACTIVE_ARCH = YES;
				SDKROOT = iphoneos;
			};
			name = Debug;
		};
		ED14016224BCB57F00138A18 /* Release */ = {
			isa = XCBuildConfiguration;
			buildSettings = {
				ALWAYS_SEARCH_USER_PATHS = NO;
				CLANG_ANALYZER_NONNULL = YES;
				CLANG_ANALYZER_NUMBER_OBJECT_CONVERSION = YES_AGGRESSIVE;
				CLANG_CXX_LANGUAGE_STANDARD = "gnu++14";
				CLANG_CXX_LIBRARY = "libc++";
				CLANG_ENABLE_MODULES = YES;
				CLANG_ENABLE_OBJC_ARC = YES;
				CLANG_ENABLE_OBJC_WEAK = YES;
				CLANG_WARN_BLOCK_CAPTURE_AUTORELEASING = YES;
				CLANG_WARN_BOOL_CONVERSION = YES;
				CLANG_WARN_COMMA = YES;
				CLANG_WARN_CONSTANT_CONVERSION = YES;
				CLANG_WARN_DEPRECATED_OBJC_IMPLEMENTATIONS = YES;
				CLANG_WARN_DIRECT_OBJC_ISA_USAGE = YES_ERROR;
				CLANG_WARN_DOCUMENTATION_COMMENTS = YES;
				CLANG_WARN_EMPTY_BODY = YES;
				CLANG_WARN_ENUM_CONVERSION = YES;
				CLANG_WARN_INFINITE_RECURSION = YES;
				CLANG_WARN_INT_CONVERSION = YES;
				CLANG_WARN_NON_LITERAL_NULL_CONVERSION = YES;
				CLANG_WARN_OBJC_IMPLICIT_RETAIN_SELF = YES;
				CLANG_WARN_OBJC_LITERAL_CONVERSION = YES;
				CLANG_WARN_OBJC_ROOT_CLASS = YES_ERROR;
				CLANG_WARN_RANGE_LOOP_ANALYSIS = YES;
				CLANG_WARN_STRICT_PROTOTYPES = YES;
				CLANG_WARN_SUSPICIOUS_MOVE = YES;
				CLANG_WARN_UNGUARDED_AVAILABILITY = YES_AGGRESSIVE;
				CLANG_WARN_UNREACHABLE_CODE = YES;
				CLANG_WARN__DUPLICATE_METHOD_MATCH = YES;
				COPY_PHASE_STRIP = NO;
				DEBUG_INFORMATION_FORMAT = "dwarf-with-dsym";
				ENABLE_NS_ASSERTIONS = NO;
				ENABLE_STRICT_OBJC_MSGSEND = YES;
				GCC_C_LANGUAGE_STANDARD = gnu11;
				GCC_NO_COMMON_BLOCKS = YES;
				GCC_WARN_64_TO_32_BIT_CONVERSION = YES;
				GCC_WARN_ABOUT_RETURN_TYPE = YES_ERROR;
				GCC_WARN_UNDECLARED_SELECTOR = YES;
				GCC_WARN_UNINITIALIZED_AUTOS = YES_AGGRESSIVE;
				GCC_WARN_UNUSED_FUNCTION = YES;
				GCC_WARN_UNUSED_VARIABLE = YES;
				IPHONEOS_DEPLOYMENT_TARGET = 13.5;
				MTL_ENABLE_DEBUG_INFO = NO;
				MTL_FAST_MATH = YES;
				SDKROOT = iphoneos;
				VALIDATE_PRODUCT = YES;
			};
			name = Release;
		};
		ED14016424BCB57F00138A18 /* Debug */ = {
			isa = XCBuildConfiguration;
			baseConfigurationReference = BD5F04267485B773D7A8AF6A /* Pods-GroupStatus.debug.xcconfig */;
			buildSettings = {
				ASSETCATALOG_COMPILER_APPICON_NAME = AppIcon;
				CODE_SIGN_STYLE = Automatic;
				DEVELOPMENT_TEAM = PJ7DRG669N;
				INFOPLIST_FILE = GroupStatus/Info.plist;
				LD_RUNPATH_SEARCH_PATHS = (
					"$(inherited)",
					"@executable_path/Frameworks",
				);
				PRODUCT_BUNDLE_IDENTIFIER = com.fernandoa.GroupStatus;
				PRODUCT_NAME = "$(TARGET_NAME)";
				TARGETED_DEVICE_FAMILY = "1,2";
			};
			name = Debug;
		};
		ED14016524BCB57F00138A18 /* Release */ = {
			isa = XCBuildConfiguration;
			baseConfigurationReference = 13CD8B87FDEE8E330209DA1D /* Pods-GroupStatus.release.xcconfig */;
			buildSettings = {
				ASSETCATALOG_COMPILER_APPICON_NAME = AppIcon;
				CODE_SIGN_STYLE = Automatic;
				DEVELOPMENT_TEAM = PJ7DRG669N;
				INFOPLIST_FILE = GroupStatus/Info.plist;
				LD_RUNPATH_SEARCH_PATHS = (
					"$(inherited)",
					"@executable_path/Frameworks",
				);
				PRODUCT_BUNDLE_IDENTIFIER = com.fernandoa.GroupStatus;
				PRODUCT_NAME = "$(TARGET_NAME)";
				TARGETED_DEVICE_FAMILY = "1,2";
			};
			name = Release;
		};
		ED14016724BCB57F00138A18 /* Debug */ = {
			isa = XCBuildConfiguration;
			baseConfigurationReference = 3A2603B7F49DB2ACCE81C036 /* Pods-GroupStatusTests.debug.xcconfig */;
			buildSettings = {
				BUNDLE_LOADER = "$(TEST_HOST)";
				CODE_SIGN_STYLE = Automatic;
				DEVELOPMENT_TEAM = PJ7DRG669N;
				INFOPLIST_FILE = GroupStatusTests/Info.plist;
				IPHONEOS_DEPLOYMENT_TARGET = 13.5;
				LD_RUNPATH_SEARCH_PATHS = (
					"$(inherited)",
					"@executable_path/Frameworks",
					"@loader_path/Frameworks",
				);
				PRODUCT_BUNDLE_IDENTIFIER = com.fernandoa.GroupStatusTests;
				PRODUCT_NAME = "$(TARGET_NAME)";
				TARGETED_DEVICE_FAMILY = "1,2";
				TEST_HOST = "$(BUILT_PRODUCTS_DIR)/GroupStatus.app/GroupStatus";
			};
			name = Debug;
		};
		ED14016824BCB57F00138A18 /* Release */ = {
			isa = XCBuildConfiguration;
			baseConfigurationReference = B515738611434EF4C0867337 /* Pods-GroupStatusTests.release.xcconfig */;
			buildSettings = {
				BUNDLE_LOADER = "$(TEST_HOST)";
				CODE_SIGN_STYLE = Automatic;
				DEVELOPMENT_TEAM = PJ7DRG669N;
				INFOPLIST_FILE = GroupStatusTests/Info.plist;
				IPHONEOS_DEPLOYMENT_TARGET = 13.5;
				LD_RUNPATH_SEARCH_PATHS = (
					"$(inherited)",
					"@executable_path/Frameworks",
					"@loader_path/Frameworks",
				);
				PRODUCT_BUNDLE_IDENTIFIER = com.fernandoa.GroupStatusTests;
				PRODUCT_NAME = "$(TARGET_NAME)";
				TARGETED_DEVICE_FAMILY = "1,2";
				TEST_HOST = "$(BUILT_PRODUCTS_DIR)/GroupStatus.app/GroupStatus";
			};
			name = Release;
		};
		ED14016A24BCB57F00138A18 /* Debug */ = {
			isa = XCBuildConfiguration;
			baseConfigurationReference = 95135851CC5E5E359B3EEDD4 /* Pods-GroupStatus-GroupStatusUITests.debug.xcconfig */;
			buildSettings = {
				CODE_SIGN_STYLE = Automatic;
				DEVELOPMENT_TEAM = PJ7DRG669N;
				INFOPLIST_FILE = GroupStatusUITests/Info.plist;
				LD_RUNPATH_SEARCH_PATHS = (
					"$(inherited)",
					"@executable_path/Frameworks",
					"@loader_path/Frameworks",
				);
				PRODUCT_BUNDLE_IDENTIFIER = com.fernandoa.GroupStatusUITests;
				PRODUCT_NAME = "$(TARGET_NAME)";
				TARGETED_DEVICE_FAMILY = "1,2";
				TEST_TARGET_NAME = GroupStatus;
			};
			name = Debug;
		};
		ED14016B24BCB57F00138A18 /* Release */ = {
			isa = XCBuildConfiguration;
			baseConfigurationReference = F28444D7B0C794DC539CA097 /* Pods-GroupStatus-GroupStatusUITests.release.xcconfig */;
			buildSettings = {
				CODE_SIGN_STYLE = Automatic;
				DEVELOPMENT_TEAM = PJ7DRG669N;
				INFOPLIST_FILE = GroupStatusUITests/Info.plist;
				LD_RUNPATH_SEARCH_PATHS = (
					"$(inherited)",
					"@executable_path/Frameworks",
					"@loader_path/Frameworks",
				);
				PRODUCT_BUNDLE_IDENTIFIER = com.fernandoa.GroupStatusUITests;
				PRODUCT_NAME = "$(TARGET_NAME)";
				TARGETED_DEVICE_FAMILY = "1,2";
				TEST_TARGET_NAME = GroupStatus;
			};
			name = Release;
		};
/* End XCBuildConfiguration section */

/* Begin XCConfigurationList section */
		ED14012F24BCB57E00138A18 /* Build configuration list for PBXProject "GroupStatus" */ = {
			isa = XCConfigurationList;
			buildConfigurations = (
				ED14016124BCB57F00138A18 /* Debug */,
				ED14016224BCB57F00138A18 /* Release */,
			);
			defaultConfigurationIsVisible = 0;
			defaultConfigurationName = Release;
		};
		ED14016324BCB57F00138A18 /* Build configuration list for PBXNativeTarget "GroupStatus" */ = {
			isa = XCConfigurationList;
			buildConfigurations = (
				ED14016424BCB57F00138A18 /* Debug */,
				ED14016524BCB57F00138A18 /* Release */,
			);
			defaultConfigurationIsVisible = 0;
			defaultConfigurationName = Release;
		};
		ED14016624BCB57F00138A18 /* Build configuration list for PBXNativeTarget "GroupStatusTests" */ = {
			isa = XCConfigurationList;
			buildConfigurations = (
				ED14016724BCB57F00138A18 /* Debug */,
				ED14016824BCB57F00138A18 /* Release */,
			);
			defaultConfigurationIsVisible = 0;
			defaultConfigurationName = Release;
		};
		ED14016924BCB57F00138A18 /* Build configuration list for PBXNativeTarget "GroupStatusUITests" */ = {
			isa = XCConfigurationList;
			buildConfigurations = (
				ED14016A24BCB57F00138A18 /* Debug */,
				ED14016B24BCB57F00138A18 /* Release */,
			);
			defaultConfigurationIsVisible = 0;
			defaultConfigurationName = Release;
		};
/* End XCConfigurationList section */
	};
	rootObject = ED14012C24BCB57E00138A18 /* Project object */;
}
